
Microsoft Visual Studio Solution File, Format Version 12.00
# Visual Studio 15
VisualStudioVersion = 15.0.28010.2016
MinimumVisualStudioVersion = 10.0.40219.1
Project("{FAE04EC0-301F-11D3-BF4B-00C04F79EFBC}") = "PRS", "..\..\..\..\..\..\Dev\PlusIP\PRS\PRS.csproj", "{17791D53-852D-46AA-91C5-EA2B098ABD65}"
EndProject
Global
	GlobalSection(SolutionConfigurationPlatforms) = preSolution
		Debug|Any CPU = Debug|Any CPU
		Release|Any CPU = Release|Any CPU
	EndGlobalSection
	GlobalSection(ProjectConfigurationPlatforms) = postSolution
		{17791D53-852D-46AA-91C5-EA2B098ABD65}.Debug|Any CPU.ActiveCfg = Debug|Any CPU
		{17791D53-852D-46AA-91C5-EA2B098ABD65}.Debug|Any CPU.Build.0 = Debug|Any CPU
		{17791D53-852D-46AA-91C5-EA2B098ABD65}.Release|Any CPU.ActiveCfg = Release|Any CPU
		{17791D53-852D-46AA-91C5-EA2B098ABD65}.Release|Any CPU.Build.0 = Release|Any CPU
	EndGlobalSection
	GlobalSection(SolutionProperties) = preSolution
		HideSolutionNode = FALSE
	EndGlobalSection
	GlobalSection(ExtensibilityGlobals) = postSolution
		SolutionGuid = {37A42862-390D-4BA9-8464-876F4E1C2B88}
	EndGlobalSection
	GlobalSection(TeamFoundationVersionControl) = preSolution
		SccNumberOfProjects = 1
		SccEnterpriseProvider = {4CA58AB2-18FA-4F8D-95D4-32DDF27D184C}
		SccTeamFoundationServer = http://tpdc01s213:8080/customstuff
		SccProjectUniqueName0 = ..\\..\\..\\..\\..\\..\\Dev\\PlusIP\\PRS\\PRS.csproj
		SccProjectName0 = ../
		SccAuxPath0 = http://tpdc01s213:8080/customstuff
		SccLocalPath0 = ..\\..\\..\\..\\..\\..\\Dev\\PlusIP\\PRS
		SccProvider0 = {4CA58AB2-18FA-4F8D-95D4-32DDF27D184C}
	EndGlobalSection
EndGlobal
